{
  "name": "@mattbnz/metrics",
  "version": "0.0.1",
  "lockfileVersion": 3,
  "requires": true,
  "packages": {
    "": {
      "name": "@mattbnz/metrics",
      "version": "0.0.1",
      "license": "UNLICENSED",
      "dependencies": {
        "web-vitals": "^3.4.0"
      },
      "devDependencies": {
        "genversion": "https://github.com/mattbnz/genversion.git"
      }
    },
    "node_modules/commander": {
      "version": "7.2.0",
      "resolved": "https://registry.npmjs.org/commander/-/commander-7.2.0.tgz",
      "integrity": "sha512-QrWXB+ZQSVPmIWIhtEO9H+gwHaMGYiF5ChvoJ+K9ZGHG/sVsa6yiesAD1GC/x46sET00Xlwo1u49RVVVzvcSkw==",
      "dev": true,
      "engines": {
        "node": ">= 10"
      }
    },
    "node_modules/find-package": {
      "version": "1.0.0",
      "resolved": "https://registry.npmjs.org/find-package/-/find-package-1.0.0.tgz",
      "integrity": "sha512-yVn71XCCaNgxz58ERTl8nA/8YYtIQDY9mHSrgFBfiFtdNNfY0h183Vh8BRkKxD8x9TUw3ec290uJKhDVxqGZBw==",
      "dev": true,
      "dependencies": {
        "parents": "^1.0.1"
      }
    },
    "node_modules/genversion": {
      "version": "3.1.1",
      "resolved": "git+ssh://git@github.com/mattbnz/genversion.git#f35dfc5a4634e3c26b6d457481f00d569f6be496",
      "dev": true,
      "license": "MIT",
      "dependencies": {
        "commander": "^7.2.0",
        "find-package": "^1.0.0"
      },
      "bin": {
        "genversion": "bin/genversion.js"
      },
      "engines": {
        "node": ">=10.0.0"
      }
    },
    "node_modules/parents": {
      "version": "1.0.1",
      "resolved": "https://registry.npmjs.org/parents/-/parents-1.0.1.tgz",
      "integrity": "sha512-mXKF3xkoUt5td2DoxpLmtOmZvko9VfFpwRwkKDHSNvgmpLAeBo18YDhcPbBzJq+QLCHMbGOfzia2cX4U+0v9Mg==",
      "dev": true,
      "dependencies": {
        "path-platform": "~0.11.15"
      }
    },
    "node_modules/path-platform": {
      "version": "0.11.15",
      "resolved": "https://registry.npmjs.org/path-platform/-/path-platform-0.11.15.tgz",
      "integrity": "sha512-Y30dB6rab1A/nfEKsZxmr01nUotHX0c/ZiIAsCTatEe1CmS5Pm5He7fZ195bPT7RdquoaL8lLxFCMQi/bS7IJg==",
      "dev": true,
      "engines": {
        "node": ">= 0.8.0"
      }
    },
    "node_modules/web-vitals": {
      "version": "3.4.0",
      "resolved": "https://registry.npmjs.org/web-vitals/-/web-vitals-3.4.0.tgz",
      "integrity": "sha512-n9fZ5/bG1oeDkyxLWyep0eahrNcPDF6bFqoyispt7xkW0xhDzpUBTgyDKqWDi1twT0MgH4HvvqzpUyh0ZxZV4A=="
    }
  }
}
