{
  "name": "metrics",
  "version": "0.0.1",
  "lockfileVersion": 3,
  "requires": true,
  "packages": {
    "": {
      "name": "metrics",
      "version": "0.0.1",
      "license": "UNLICENSED",
      "dependencies": {
        "web-vitals": "^3.4.0"
      }
    },
    "node_modules/web-vitals": {
      "version": "3.4.0",
      "resolved": "https://registry.npmjs.org/web-vitals/-/web-vitals-3.4.0.tgz",
      "integrity": "sha512-n9fZ5/bG1oeDkyxLWyep0eahrNcPDF6bFqoyispt7xkW0xhDzpUBTgyDKqWDi1twT0MgH4HvvqzpUyh0ZxZV4A=="
    }
  }
}
